
Microsoft Visual Studio Solution File, Format Version 12.00
# Visual Studio Version 16
VisualStudioVersion = 16.0.30517.126
MinimumVisualStudioVersion = 10.0.40219.1
Project("{8BC9CEB8-8B4A-11D0-8D11-00A0C91BC942}") = "HelloWorld", "HelloWorld\HelloWorld.vcxproj", "{A2D36FA0-CAF2-43F3-A814-D8522865E8B3}"
EndProject
Project("{8BC9CEB8-8B4A-11D0-8D11-00A0C91BC942}") = "UserDataTypes", "UserDataTypes\UserDataTypes.vcxproj", "{917D1E8A-1B86-4887-9746-A201D306DC7A}"
EndProject
Project("{8BC9CEB8-8B4A-11D0-8D11-00A0C91BC942}") = "PrimitiveDataTypes", "PrimitiveDataTypes\PrimitiveDataTypes.vcxproj", "{428ECFA3-4526-421D-A68C-9DE8801C0212}"
EndProject
Project("{8BC9CEB8-8B4A-11D0-8D11-00A0C91BC942}") = "UserDataTypes2", "UserDataTypes2\UserDataTypes2.vcxproj", "{11656B57-0246-4E0A-9F4B-CDE58C31A897}"
EndProject
Project("{8BC9CEB8-8B4A-11D0-8D11-00A0C91BC942}") = "UserDataTypesAssignment", "UserDataTypesAssignment\UserDataTypesAssignment.vcxproj", "{B0A894F6-BB1A-4F3A-9774-51C8913CAA56}"
EndProject
Project("{8BC9CEB8-8B4A-11D0-8D11-00A0C91BC942}") = "Memory", "Memory\Memory.vcxproj", "{8F48C29D-07DE-469C-84DD-DF4B97972855}"
EndProject
Project("{8BC9CEB8-8B4A-11D0-8D11-00A0C91BC942}") = "MemoryReview", "MemoryReview\MemoryReview.vcxproj", "{FF379CD6-25A6-480D-BC85-4B6158A71B10}"
EndProject
Project("{8BC9CEB8-8B4A-11D0-8D11-00A0C91BC942}") = "OOP", "OOP\OOP.vcxproj", "{59873354-F18D-4E00-9903-DE06CD9E9C37}"
EndProject
Project("{8BC9CEB8-8B4A-11D0-8D11-00A0C91BC942}") = "Database", "Database\Database.vcxproj", "{C5D5134A-8F7C-4E45-A335-1D7640DD9015}"
EndProject
Project("{8BC9CEB8-8B4A-11D0-8D11-00A0C91BC942}") = "Stream", "Stream\Stream.vcxproj", "{14A0A900-50D9-4C63-A248-E91A081C681C}"
EndProject
Project("{8BC9CEB8-8B4A-11D0-8D11-00A0C91BC942}") = "Operators", "Operators\Operators.vcxproj", "{36A651F0-BE3E-4CA7-98A2-B498F10D4F04}"
EndProject
Project("{8BC9CEB8-8B4A-11D0-8D11-00A0C91BC942}") = "Parameters", "Parameters\Parameters.vcxproj", "{20737A28-21C2-4740-B818-8BB99F31E620}"
EndProject
Project("{8BC9CEB8-8B4A-11D0-8D11-00A0C91BC942}") = "Templates", "Templates\Templates.vcxproj", "{4776A89B-76A9-454E-90C0-5F18DEA8E3AA}"
EndProject
Project("{8BC9CEB8-8B4A-11D0-8D11-00A0C91BC942}") = "Array", "Array\Array.vcxproj", "{38115EAD-96DF-422B-8BE3-196914EA728A}"
EndProject
Project("{8BC9CEB8-8B4A-11D0-8D11-00A0C91BC942}") = "Vector", "Vector\Vector.vcxproj", "{E72CA4ED-19A3-494A-AAC2-20844F55251B}"
EndProject
Global
	GlobalSection(SolutionConfigurationPlatforms) = preSolution
		Debug|x64 = Debug|x64
		Debug|x86 = Debug|x86
		Release|x64 = Release|x64
		Release|x86 = Release|x86
	EndGlobalSection
	GlobalSection(ProjectConfigurationPlatforms) = postSolution
		{A2D36FA0-CAF2-43F3-A814-D8522865E8B3}.Debug|x64.ActiveCfg = Debug|x64
		{A2D36FA0-CAF2-43F3-A814-D8522865E8B3}.Debug|x64.Build.0 = Debug|x64
		{A2D36FA0-CAF2-43F3-A814-D8522865E8B3}.Debug|x86.ActiveCfg = Debug|Win32
		{A2D36FA0-CAF2-43F3-A814-D8522865E8B3}.Debug|x86.Build.0 = Debug|Win32
		{A2D36FA0-CAF2-43F3-A814-D8522865E8B3}.Release|x64.ActiveCfg = Release|x64
		{A2D36FA0-CAF2-43F3-A814-D8522865E8B3}.Release|x64.Build.0 = Release|x64
		{A2D36FA0-CAF2-43F3-A814-D8522865E8B3}.Release|x86.ActiveCfg = Release|Win32
		{A2D36FA0-CAF2-43F3-A814-D8522865E8B3}.Release|x86.Build.0 = Release|Win32
		{917D1E8A-1B86-4887-9746-A201D306DC7A}.Debug|x64.ActiveCfg = Debug|x64
		{917D1E8A-1B86-4887-9746-A201D306DC7A}.Debug|x64.Build.0 = Debug|x64
		{917D1E8A-1B86-4887-9746-A201D306DC7A}.Debug|x86.ActiveCfg = Debug|Win32
		{917D1E8A-1B86-4887-9746-A201D306DC7A}.Debug|x86.Build.0 = Debug|Win32
		{917D1E8A-1B86-4887-9746-A201D306DC7A}.Release|x64.ActiveCfg = Release|x64
		{917D1E8A-1B86-4887-9746-A201D306DC7A}.Release|x64.Build.0 = Release|x64
		{917D1E8A-1B86-4887-9746-A201D306DC7A}.Release|x86.ActiveCfg = Release|Win32
		{917D1E8A-1B86-4887-9746-A201D306DC7A}.Release|x86.Build.0 = Release|Win32
		{428ECFA3-4526-421D-A68C-9DE8801C0212}.Debug|x64.ActiveCfg = Debug|x64
		{428ECFA3-4526-421D-A68C-9DE8801C0212}.Debug|x64.Build.0 = Debug|x64
		{428ECFA3-4526-421D-A68C-9DE8801C0212}.Debug|x86.ActiveCfg = Debug|Win32
		{428ECFA3-4526-421D-A68C-9DE8801C0212}.Debug|x86.Build.0 = Debug|Win32
		{428ECFA3-4526-421D-A68C-9DE8801C0212}.Release|x64.ActiveCfg = Release|x64
		{428ECFA3-4526-421D-A68C-9DE8801C0212}.Release|x64.Build.0 = Release|x64
		{428ECFA3-4526-421D-A68C-9DE8801C0212}.Release|x86.ActiveCfg = Release|Win32
		{428ECFA3-4526-421D-A68C-9DE8801C0212}.Release|x86.Build.0 = Release|Win32
		{11656B57-0246-4E0A-9F4B-CDE58C31A897}.Debug|x64.ActiveCfg = Debug|x64
		{11656B57-0246-4E0A-9F4B-CDE58C31A897}.Debug|x64.Build.0 = Debug|x64
		{11656B57-0246-4E0A-9F4B-CDE58C31A897}.Debug|x86.ActiveCfg = Debug|Win32
		{11656B57-0246-4E0A-9F4B-CDE58C31A897}.Debug|x86.Build.0 = Debug|Win32
		{11656B57-0246-4E0A-9F4B-CDE58C31A897}.Release|x64.ActiveCfg = Release|x64
		{11656B57-0246-4E0A-9F4B-CDE58C31A897}.Release|x64.Build.0 = Release|x64
		{11656B57-0246-4E0A-9F4B-CDE58C31A897}.Release|x86.ActiveCfg = Release|Win32
		{11656B57-0246-4E0A-9F4B-CDE58C31A897}.Release|x86.Build.0 = Release|Win32
		{B0A894F6-BB1A-4F3A-9774-51C8913CAA56}.Debug|x64.ActiveCfg = Debug|x64
		{B0A894F6-BB1A-4F3A-9774-51C8913CAA56}.Debug|x64.Build.0 = Debug|x64
		{B0A894F6-BB1A-4F3A-9774-51C8913CAA56}.Debug|x86.ActiveCfg = Debug|Win32
		{B0A894F6-BB1A-4F3A-9774-51C8913CAA56}.Debug|x86.Build.0 = Debug|Win32
		{B0A894F6-BB1A-4F3A-9774-51C8913CAA56}.Release|x64.ActiveCfg = Release|x64
		{B0A894F6-BB1A-4F3A-9774-51C8913CAA56}.Release|x64.Build.0 = Release|x64
		{B0A894F6-BB1A-4F3A-9774-51C8913CAA56}.Release|x86.ActiveCfg = Release|Win32
		{B0A894F6-BB1A-4F3A-9774-51C8913CAA56}.Release|x86.Build.0 = Release|Win32
		{8F48C29D-07DE-469C-84DD-DF4B97972855}.Debug|x64.ActiveCfg = Debug|x64
		{8F48C29D-07DE-469C-84DD-DF4B97972855}.Debug|x64.Build.0 = Debug|x64
		{8F48C29D-07DE-469C-84DD-DF4B97972855}.Debug|x86.ActiveCfg = Debug|Win32
		{8F48C29D-07DE-469C-84DD-DF4B97972855}.Debug|x86.Build.0 = Debug|Win32
		{8F48C29D-07DE-469C-84DD-DF4B97972855}.Release|x64.ActiveCfg = Release|x64
		{8F48C29D-07DE-469C-84DD-DF4B97972855}.Release|x64.Build.0 = Release|x64
		{8F48C29D-07DE-469C-84DD-DF4B97972855}.Release|x86.ActiveCfg = Release|Win32
		{8F48C29D-07DE-469C-84DD-DF4B97972855}.Release|x86.Build.0 = Release|Win32
		{FF379CD6-25A6-480D-BC85-4B6158A71B10}.Debug|x64.ActiveCfg = Debug|x64
		{FF379CD6-25A6-480D-BC85-4B6158A71B10}.Debug|x64.Build.0 = Debug|x64
		{FF379CD6-25A6-480D-BC85-4B6158A71B10}.Debug|x86.ActiveCfg = Debug|Win32
		{FF379CD6-25A6-480D-BC85-4B6158A71B10}.Debug|x86.Build.0 = Debug|Win32
		{FF379CD6-25A6-480D-BC85-4B6158A71B10}.Release|x64.ActiveCfg = Release|x64
		{FF379CD6-25A6-480D-BC85-4B6158A71B10}.Release|x64.Build.0 = Release|x64
		{FF379CD6-25A6-480D-BC85-4B6158A71B10}.Release|x86.ActiveCfg = Release|Win32
		{FF379CD6-25A6-480D-BC85-4B6158A71B10}.Release|x86.Build.0 = Release|Win32
		{59873354-F18D-4E00-9903-DE06CD9E9C37}.Debug|x64.ActiveCfg = Debug|x64
		{59873354-F18D-4E00-9903-DE06CD9E9C37}.Debug|x64.Build.0 = Debug|x64
		{59873354-F18D-4E00-9903-DE06CD9E9C37}.Debug|x86.ActiveCfg = Debug|Win32
		{59873354-F18D-4E00-9903-DE06CD9E9C37}.Debug|x86.Build.0 = Debug|Win32
		{59873354-F18D-4E00-9903-DE06CD9E9C37}.Release|x64.ActiveCfg = Release|x64
		{59873354-F18D-4E00-9903-DE06CD9E9C37}.Release|x64.Build.0 = Release|x64
		{59873354-F18D-4E00-9903-DE06CD9E9C37}.Release|x86.ActiveCfg = Release|Win32
		{59873354-F18D-4E00-9903-DE06CD9E9C37}.Release|x86.Build.0 = Release|Win32
		{C5D5134A-8F7C-4E45-A335-1D7640DD9015}.Debug|x64.ActiveCfg = Debug|x64
		{C5D5134A-8F7C-4E45-A335-1D7640DD9015}.Debug|x64.Build.0 = Debug|x64
		{C5D5134A-8F7C-4E45-A335-1D7640DD9015}.Debug|x86.ActiveCfg = Debug|Win32
		{C5D5134A-8F7C-4E45-A335-1D7640DD9015}.Debug|x86.Build.0 = Debug|Win32
		{C5D5134A-8F7C-4E45-A335-1D7640DD9015}.Release|x64.ActiveCfg = Release|x64
		{C5D5134A-8F7C-4E45-A335-1D7640DD9015}.Release|x64.Build.0 = Release|x64
		{C5D5134A-8F7C-4E45-A335-1D7640DD9015}.Release|x86.ActiveCfg = Release|Win32
		{C5D5134A-8F7C-4E45-A335-1D7640DD9015}.Release|x86.Build.0 = Release|Win32
		{14A0A900-50D9-4C63-A248-E91A081C681C}.Debug|x64.ActiveCfg = Debug|x64
		{14A0A900-50D9-4C63-A248-E91A081C681C}.Debug|x64.Build.0 = Debug|x64
		{14A0A900-50D9-4C63-A248-E91A081C681C}.Debug|x86.ActiveCfg = Debug|Win32
		{14A0A900-50D9-4C63-A248-E91A081C681C}.Debug|x86.Build.0 = Debug|Win32
		{14A0A900-50D9-4C63-A248-E91A081C681C}.Release|x64.ActiveCfg = Release|x64
		{14A0A900-50D9-4C63-A248-E91A081C681C}.Release|x64.Build.0 = Release|x64
		{14A0A900-50D9-4C63-A248-E91A081C681C}.Release|x86.ActiveCfg = Release|Win32
		{14A0A900-50D9-4C63-A248-E91A081C681C}.Release|x86.Build.0 = Release|Win32
		{36A651F0-BE3E-4CA7-98A2-B498F10D4F04}.Debug|x64.ActiveCfg = Debug|x64
		{36A651F0-BE3E-4CA7-98A2-B498F10D4F04}.Debug|x64.Build.0 = Debug|x64
		{36A651F0-BE3E-4CA7-98A2-B498F10D4F04}.Debug|x86.ActiveCfg = Debug|Win32
		{36A651F0-BE3E-4CA7-98A2-B498F10D4F04}.Debug|x86.Build.0 = Debug|Win32
		{36A651F0-BE3E-4CA7-98A2-B498F10D4F04}.Release|x64.ActiveCfg = Release|x64
		{36A651F0-BE3E-4CA7-98A2-B498F10D4F04}.Release|x64.Build.0 = Release|x64
		{36A651F0-BE3E-4CA7-98A2-B498F10D4F04}.Release|x86.ActiveCfg = Release|Win32
		{36A651F0-BE3E-4CA7-98A2-B498F10D4F04}.Release|x86.Build.0 = Release|Win32
		{20737A28-21C2-4740-B818-8BB99F31E620}.Debug|x64.ActiveCfg = Debug|x64
		{20737A28-21C2-4740-B818-8BB99F31E620}.Debug|x64.Build.0 = Debug|x64
		{20737A28-21C2-4740-B818-8BB99F31E620}.Debug|x86.ActiveCfg = Debug|Win32
		{20737A28-21C2-4740-B818-8BB99F31E620}.Debug|x86.Build.0 = Debug|Win32
		{20737A28-21C2-4740-B818-8BB99F31E620}.Release|x64.ActiveCfg = Release|x64
		{20737A28-21C2-4740-B818-8BB99F31E620}.Release|x64.Build.0 = Release|x64
		{20737A28-21C2-4740-B818-8BB99F31E620}.Release|x86.ActiveCfg = Release|Win32
		{20737A28-21C2-4740-B818-8BB99F31E620}.Release|x86.Build.0 = Release|Win32
		{4776A89B-76A9-454E-90C0-5F18DEA8E3AA}.Debug|x64.ActiveCfg = Debug|x64
		{4776A89B-76A9-454E-90C0-5F18DEA8E3AA}.Debug|x64.Build.0 = Debug|x64
		{4776A89B-76A9-454E-90C0-5F18DEA8E3AA}.Debug|x86.ActiveCfg = Debug|Win32
		{4776A89B-76A9-454E-90C0-5F18DEA8E3AA}.Debug|x86.Build.0 = Debug|Win32
		{4776A89B-76A9-454E-90C0-5F18DEA8E3AA}.Release|x64.ActiveCfg = Release|x64
		{4776A89B-76A9-454E-90C0-5F18DEA8E3AA}.Release|x64.Build.0 = Release|x64
		{4776A89B-76A9-454E-90C0-5F18DEA8E3AA}.Release|x86.ActiveCfg = Release|Win32
		{4776A89B-76A9-454E-90C0-5F18DEA8E3AA}.Release|x86.Build.0 = Release|Win32
		{38115EAD-96DF-422B-8BE3-196914EA728A}.Debug|x64.ActiveCfg = Debug|x64
		{38115EAD-96DF-422B-8BE3-196914EA728A}.Debug|x64.Build.0 = Debug|x64
		{38115EAD-96DF-422B-8BE3-196914EA728A}.Debug|x86.ActiveCfg = Debug|Win32
		{38115EAD-96DF-422B-8BE3-196914EA728A}.Debug|x86.Build.0 = Debug|Win32
		{38115EAD-96DF-422B-8BE3-196914EA728A}.Release|x64.ActiveCfg = Release|x64
		{38115EAD-96DF-422B-8BE3-196914EA728A}.Release|x64.Build.0 = Release|x64
		{38115EAD-96DF-422B-8BE3-196914EA728A}.Release|x86.ActiveCfg = Release|Win32
		{38115EAD-96DF-422B-8BE3-196914EA728A}.Release|x86.Build.0 = Release|Win32
		{E72CA4ED-19A3-494A-AAC2-20844F55251B}.Debug|x64.ActiveCfg = Debug|x64
		{E72CA4ED-19A3-494A-AAC2-20844F55251B}.Debug|x64.Build.0 = Debug|x64
		{E72CA4ED-19A3-494A-AAC2-20844F55251B}.Debug|x86.ActiveCfg = Debug|Win32
		{E72CA4ED-19A3-494A-AAC2-20844F55251B}.Debug|x86.Build.0 = Debug|Win32
		{E72CA4ED-19A3-494A-AAC2-20844F55251B}.Release|x64.ActiveCfg = Release|x64
		{E72CA4ED-19A3-494A-AAC2-20844F55251B}.Release|x64.Build.0 = Release|x64
		{E72CA4ED-19A3-494A-AAC2-20844F55251B}.Release|x86.ActiveCfg = Release|Win32
		{E72CA4ED-19A3-494A-AAC2-20844F55251B}.Release|x86.Build.0 = Release|Win32
	EndGlobalSection
	GlobalSection(SolutionProperties) = preSolution
		HideSolutionNode = FALSE
	EndGlobalSection
	GlobalSection(ExtensibilityGlobals) = postSolution
		SolutionGuid = {28CB9642-DCD1-4B5D-ABA7-CF00CD53E0C6}
	EndGlobalSection
EndGlobal
